
Microsoft Visual Studio Solution File, Format Version 12.00
# Visual Studio 15
VisualStudioVersion = 15.0.26124.0
MinimumVisualStudioVersion = 15.0.26124.0
Project("{FAE04EC0-301F-11D3-BF4B-00C04F79EFBC}") = "WeatherForecast", "Demo\WeatherForecast\WeatherForecast.csproj", "{8C589BED-B85F-4937-A847-EDCE1AA9F169}"
EndProject
Project("{FAE04EC0-301F-11D3-BF4B-00C04F79EFBC}") = "ServiceBlock", "ServiceBlock\ServiceBlock.csproj", "{9288B640-F540-4A7B-AD6D-2E635D578F8A}"
EndProject
Project("{FAE04EC0-301F-11D3-BF4B-00C04F79EFBC}") = "ServiceBlock.Interface", "ServiceBlock.Interface\ServiceBlock.Interface.csproj", "{4719F43D-AAEA-4F8D-AE29-68C540A52F02}"
EndProject
Project("{2150E333-8FDC-42A3-9474-1A3956D46DE8}") = "Demo", "Demo", "{6B33D772-A3F4-4B4F-A781-29CC99DFA0D5}"
EndProject
Project("{FAE04EC0-301F-11D3-BF4B-00C04F79EFBC}") = "WeatherForecast.Interface", "Demo\WeatherForecast.Interface\WeatherForecast.Interface.csproj", "{48429EA8-D70D-4B0F-8127-B1BA02EE41A7}"
EndProject
Project("{FAE04EC0-301F-11D3-BF4B-00C04F79EFBC}") = "ServiceBlock.Templates", "ServiceBlock.Templates\ServiceBlock.Templates.csproj", "{3F7BB194-2C46-4288-88AB-C97608DA6295}"
EndProject
Global
	GlobalSection(SolutionConfigurationPlatforms) = preSolution
		Debug|Any CPU = Debug|Any CPU
		Debug|x64 = Debug|x64
		Debug|x86 = Debug|x86
		Release|Any CPU = Release|Any CPU
		Release|x64 = Release|x64
		Release|x86 = Release|x86
	EndGlobalSection
	GlobalSection(SolutionProperties) = preSolution
		HideSolutionNode = FALSE
	EndGlobalSection
	GlobalSection(ProjectConfigurationPlatforms) = postSolution
		{8C589BED-B85F-4937-A847-EDCE1AA9F169}.Debug|Any CPU.ActiveCfg = Debug|Any CPU
		{8C589BED-B85F-4937-A847-EDCE1AA9F169}.Debug|Any CPU.Build.0 = Debug|Any CPU
		{8C589BED-B85F-4937-A847-EDCE1AA9F169}.Debug|x64.ActiveCfg = Debug|Any CPU
		{8C589BED-B85F-4937-A847-EDCE1AA9F169}.Debug|x64.Build.0 = Debug|Any CPU
		{8C589BED-B85F-4937-A847-EDCE1AA9F169}.Debug|x86.ActiveCfg = Debug|Any CPU
		{8C589BED-B85F-4937-A847-EDCE1AA9F169}.Debug|x86.Build.0 = Debug|Any CPU
		{8C589BED-B85F-4937-A847-EDCE1AA9F169}.Release|Any CPU.ActiveCfg = Release|Any CPU
		{8C589BED-B85F-4937-A847-EDCE1AA9F169}.Release|Any CPU.Build.0 = Release|Any CPU
		{8C589BED-B85F-4937-A847-EDCE1AA9F169}.Release|x64.ActiveCfg = Release|Any CPU
		{8C589BED-B85F-4937-A847-EDCE1AA9F169}.Release|x64.Build.0 = Release|Any CPU
		{8C589BED-B85F-4937-A847-EDCE1AA9F169}.Release|x86.ActiveCfg = Release|Any CPU
		{8C589BED-B85F-4937-A847-EDCE1AA9F169}.Release|x86.Build.0 = Release|Any CPU
		{9288B640-F540-4A7B-AD6D-2E635D578F8A}.Debug|Any CPU.ActiveCfg = Debug|Any CPU
		{9288B640-F540-4A7B-AD6D-2E635D578F8A}.Debug|Any CPU.Build.0 = Debug|Any CPU
		{9288B640-F540-4A7B-AD6D-2E635D578F8A}.Debug|x64.ActiveCfg = Debug|Any CPU
		{9288B640-F540-4A7B-AD6D-2E635D578F8A}.Debug|x64.Build.0 = Debug|Any CPU
		{9288B640-F540-4A7B-AD6D-2E635D578F8A}.Debug|x86.ActiveCfg = Debug|Any CPU
		{9288B640-F540-4A7B-AD6D-2E635D578F8A}.Debug|x86.Build.0 = Debug|Any CPU
		{9288B640-F540-4A7B-AD6D-2E635D578F8A}.Release|Any CPU.ActiveCfg = Release|Any CPU
		{9288B640-F540-4A7B-AD6D-2E635D578F8A}.Release|Any CPU.Build.0 = Release|Any CPU
		{9288B640-F540-4A7B-AD6D-2E635D578F8A}.Release|x64.ActiveCfg = Release|Any CPU
		{9288B640-F540-4A7B-AD6D-2E635D578F8A}.Release|x64.Build.0 = Release|Any CPU
		{9288B640-F540-4A7B-AD6D-2E635D578F8A}.Release|x86.ActiveCfg = Release|Any CPU
		{9288B640-F540-4A7B-AD6D-2E635D578F8A}.Release|x86.Build.0 = Release|Any CPU
		{4719F43D-AAEA-4F8D-AE29-68C540A52F02}.Debug|Any CPU.ActiveCfg = Debug|Any CPU
		{4719F43D-AAEA-4F8D-AE29-68C540A52F02}.Debug|Any CPU.Build.0 = Debug|Any CPU
		{4719F43D-AAEA-4F8D-AE29-68C540A52F02}.Debug|x64.ActiveCfg = Debug|Any CPU
		{4719F43D-AAEA-4F8D-AE29-68C540A52F02}.Debug|x64.Build.0 = Debug|Any CPU
		{4719F43D-AAEA-4F8D-AE29-68C540A52F02}.Debug|x86.ActiveCfg = Debug|Any CPU
		{4719F43D-AAEA-4F8D-AE29-68C540A52F02}.Debug|x86.Build.0 = Debug|Any CPU
		{4719F43D-AAEA-4F8D-AE29-68C540A52F02}.Release|Any CPU.ActiveCfg = Release|Any CPU
		{4719F43D-AAEA-4F8D-AE29-68C540A52F02}.Release|Any CPU.Build.0 = Release|Any CPU
		{4719F43D-AAEA-4F8D-AE29-68C540A52F02}.Release|x64.ActiveCfg = Release|Any CPU
		{4719F43D-AAEA-4F8D-AE29-68C540A52F02}.Release|x64.Build.0 = Release|Any CPU
		{4719F43D-AAEA-4F8D-AE29-68C540A52F02}.Release|x86.ActiveCfg = Release|Any CPU
		{4719F43D-AAEA-4F8D-AE29-68C540A52F02}.Release|x86.Build.0 = Release|Any CPU
		{48429EA8-D70D-4B0F-8127-B1BA02EE41A7}.Debug|Any CPU.ActiveCfg = Debug|Any CPU
		{48429EA8-D70D-4B0F-8127-B1BA02EE41A7}.Debug|Any CPU.Build.0 = Debug|Any CPU
		{48429EA8-D70D-4B0F-8127-B1BA02EE41A7}.Debug|x64.ActiveCfg = Debug|Any CPU
		{48429EA8-D70D-4B0F-8127-B1BA02EE41A7}.Debug|x64.Build.0 = Debug|Any CPU
		{48429EA8-D70D-4B0F-8127-B1BA02EE41A7}.Debug|x86.ActiveCfg = Debug|Any CPU
		{48429EA8-D70D-4B0F-8127-B1BA02EE41A7}.Debug|x86.Build.0 = Debug|Any CPU
		{48429EA8-D70D-4B0F-8127-B1BA02EE41A7}.Release|Any CPU.ActiveCfg = Release|Any CPU
		{48429EA8-D70D-4B0F-8127-B1BA02EE41A7}.Release|Any CPU.Build.0 = Release|Any CPU
		{48429EA8-D70D-4B0F-8127-B1BA02EE41A7}.Release|x64.ActiveCfg = Release|Any CPU
		{48429EA8-D70D-4B0F-8127-B1BA02EE41A7}.Release|x64.Build.0 = Release|Any CPU
		{48429EA8-D70D-4B0F-8127-B1BA02EE41A7}.Release|x86.ActiveCfg = Release|Any CPU
		{48429EA8-D70D-4B0F-8127-B1BA02EE41A7}.Release|x86.Build.0 = Release|Any CPU
		{3F7BB194-2C46-4288-88AB-C97608DA6295}.Debug|Any CPU.ActiveCfg = Debug|Any CPU
		{3F7BB194-2C46-4288-88AB-C97608DA6295}.Debug|Any CPU.Build.0 = Debug|Any CPU
		{3F7BB194-2C46-4288-88AB-C97608DA6295}.Debug|x64.ActiveCfg = Debug|Any CPU
		{3F7BB194-2C46-4288-88AB-C97608DA6295}.Debug|x64.Build.0 = Debug|Any CPU
		{3F7BB194-2C46-4288-88AB-C97608DA6295}.Debug|x86.ActiveCfg = Debug|Any CPU
		{3F7BB194-2C46-4288-88AB-C97608DA6295}.Debug|x86.Build.0 = Debug|Any CPU
		{3F7BB194-2C46-4288-88AB-C97608DA6295}.Release|Any CPU.ActiveCfg = Release|Any CPU
		{3F7BB194-2C46-4288-88AB-C97608DA6295}.Release|Any CPU.Build.0 = Release|Any CPU
		{3F7BB194-2C46-4288-88AB-C97608DA6295}.Release|x64.ActiveCfg = Release|Any CPU
		{3F7BB194-2C46-4288-88AB-C97608DA6295}.Release|x64.Build.0 = Release|Any CPU
		{3F7BB194-2C46-4288-88AB-C97608DA6295}.Release|x86.ActiveCfg = Release|Any CPU
		{3F7BB194-2C46-4288-88AB-C97608DA6295}.Release|x86.Build.0 = Release|Any CPU
	EndGlobalSection
	GlobalSection(NestedProjects) = preSolution
		{48429EA8-D70D-4B0F-8127-B1BA02EE41A7} = {6B33D772-A3F4-4B4F-A781-29CC99DFA0D5}
	EndGlobalSection
EndGlobal
